
Microsoft Visual Studio Solution File, Format Version 12.00
# Visual Studio 15
VisualStudioVersion = 15.0.28307.168
MinimumVisualStudioVersion = 10.0.40219.1
Project("{FAE04EC0-301F-11D3-BF4B-00C04F79EFBC}") = "QueuePC", "QueuePC\QueuePC.csproj", "{A3C2CE65-967B-4B28-9520-A5392A5670F4}"
EndProject
Global
	GlobalSection(SolutionConfigurationPlatforms) = preSolution
		Debug|Any CPU = Debug|Any CPU
		Release|Any CPU = Release|Any CPU
	EndGlobalSection
	GlobalSection(ProjectConfigurationPlatforms) = postSolution
		{A3C2CE65-967B-4B28-9520-A5392A5670F4}.Debug|Any CPU.ActiveCfg = Debug|Any CPU
		{A3C2CE65-967B-4B28-9520-A5392A5670F4}.Debug|Any CPU.Build.0 = Debug|Any CPU
		{A3C2CE65-967B-4B28-9520-A5392A5670F4}.Release|Any CPU.ActiveCfg = Release|Any CPU
		{A3C2CE65-967B-4B28-9520-A5392A5670F4}.Release|Any CPU.Build.0 = Release|Any CPU
	EndGlobalSection
	GlobalSection(SolutionProperties) = preSolution
		HideSolutionNode = FALSE
	EndGlobalSection
	GlobalSection(ExtensibilityGlobals) = postSolution
		SolutionGuid = {3D04E6B8-D7D8-4BC2-88DA-7BBD2549DC23}
	EndGlobalSection
EndGlobal
